
Microsoft Visual Studio Solution File, Format Version 12.00
# Visual Studio Version 17
VisualStudioVersion = 17.10.35201.131
MinimumVisualStudioVersion = 10.0.40219.1
Project("{9A19103F-16F7-4668-BE54-9A1E7A4F7556}") = "e-commerce", "e-commerce\e-commerce.csproj", "{AEE9C503-191A-4B5E-BBF0-3177BC569EBC}"
EndProject
Project("{9A19103F-16F7-4668-BE54-9A1E7A4F7556}") = "e-commerce.Models", "e-commerce.Models\e-commerce.Models.csproj", "{D501C335-555B-4A98-9C89-09679C514CE2}"
EndProject
Project("{9A19103F-16F7-4668-BE54-9A1E7A4F7556}") = "e-commerce.Services", "e-commerce.Services\e-commerce.Services.csproj", "{761FEF7E-441E-4E6F-A6B2-6CAC0788738D}"
EndProject
Project("{9A19103F-16F7-4668-BE54-9A1E7A4F7556}") = "e-commerce.ConsoleApp", "e-commerce.ConsoleApp\e-commerce.ConsoleApp.csproj", "{4C79DEBB-6807-4390-A5AF-994591255776}"
EndProject
Project("{FAE04EC0-301F-11D3-BF4B-00C04F79EFBC}") = "E-commerce.Razor", "E-commerce.Razor\E-commerce.Razor.csproj", "{AC3632B9-3E86-40F1-981E-FA44EE9EB201}"
EndProject
Global
	GlobalSection(SolutionConfigurationPlatforms) = preSolution
		Debug|Any CPU = Debug|Any CPU
		Release|Any CPU = Release|Any CPU
	EndGlobalSection
	GlobalSection(ProjectConfigurationPlatforms) = postSolution
		{AEE9C503-191A-4B5E-BBF0-3177BC569EBC}.Debug|Any CPU.ActiveCfg = Debug|Any CPU
		{AEE9C503-191A-4B5E-BBF0-3177BC569EBC}.Debug|Any CPU.Build.0 = Debug|Any CPU
		{AEE9C503-191A-4B5E-BBF0-3177BC569EBC}.Release|Any CPU.ActiveCfg = Release|Any CPU
		{AEE9C503-191A-4B5E-BBF0-3177BC569EBC}.Release|Any CPU.Build.0 = Release|Any CPU
		{D501C335-555B-4A98-9C89-09679C514CE2}.Debug|Any CPU.ActiveCfg = Debug|Any CPU
		{D501C335-555B-4A98-9C89-09679C514CE2}.Debug|Any CPU.Build.0 = Debug|Any CPU
		{D501C335-555B-4A98-9C89-09679C514CE2}.Release|Any CPU.ActiveCfg = Release|Any CPU
		{D501C335-555B-4A98-9C89-09679C514CE2}.Release|Any CPU.Build.0 = Release|Any CPU
		{761FEF7E-441E-4E6F-A6B2-6CAC0788738D}.Debug|Any CPU.ActiveCfg = Debug|Any CPU
		{761FEF7E-441E-4E6F-A6B2-6CAC0788738D}.Debug|Any CPU.Build.0 = Debug|Any CPU
		{761FEF7E-441E-4E6F-A6B2-6CAC0788738D}.Release|Any CPU.ActiveCfg = Release|Any CPU
		{761FEF7E-441E-4E6F-A6B2-6CAC0788738D}.Release|Any CPU.Build.0 = Release|Any CPU
		{4C79DEBB-6807-4390-A5AF-994591255776}.Debug|Any CPU.ActiveCfg = Debug|Any CPU
		{4C79DEBB-6807-4390-A5AF-994591255776}.Debug|Any CPU.Build.0 = Debug|Any CPU
		{4C79DEBB-6807-4390-A5AF-994591255776}.Release|Any CPU.ActiveCfg = Release|Any CPU
		{4C79DEBB-6807-4390-A5AF-994591255776}.Release|Any CPU.Build.0 = Release|Any CPU
		{AC3632B9-3E86-40F1-981E-FA44EE9EB201}.Debug|Any CPU.ActiveCfg = Debug|Any CPU
		{AC3632B9-3E86-40F1-981E-FA44EE9EB201}.Debug|Any CPU.Build.0 = Debug|Any CPU
		{AC3632B9-3E86-40F1-981E-FA44EE9EB201}.Release|Any CPU.ActiveCfg = Release|Any CPU
		{AC3632B9-3E86-40F1-981E-FA44EE9EB201}.Release|Any CPU.Build.0 = Release|Any CPU
	EndGlobalSection
	GlobalSection(SolutionProperties) = preSolution
		HideSolutionNode = FALSE
	EndGlobalSection
	GlobalSection(ExtensibilityGlobals) = postSolution
		SolutionGuid = {0C676862-45E4-4A69-87C9-1655798A7A1F}
	EndGlobalSection
EndGlobal
